
Microsoft Visual Studio Solution File, Format Version 12.00
# Visual Studio Version 17
VisualStudioVersion = 17.14.36414.22 d17.14
MinimumVisualStudioVersion = 10.0.40219.1
Project("{FAE04EC0-301F-11D3-BF4B-00C04F79EFBC}") = "GeneralSQLToSharp", "GeneralSQLToSharp.csproj", "{E6796A51-663B-19FC-5A10-32BACA7C9FDC}"
EndProject
Global
	GlobalSection(SolutionConfigurationPlatforms) = preSolution
		Debug|Any CPU = Debug|Any CPU
		Release|Any CPU = Release|Any CPU
	EndGlobalSection
	GlobalSection(ProjectConfigurationPlatforms) = postSolution
		{E6796A51-663B-19FC-5A10-32BACA7C9FDC}.Debug|Any CPU.ActiveCfg = Debug|Any CPU
		{E6796A51-663B-19FC-5A10-32BACA7C9FDC}.Debug|Any CPU.Build.0 = Debug|Any CPU
		{E6796A51-663B-19FC-5A10-32BACA7C9FDC}.Release|Any CPU.ActiveCfg = Release|Any CPU
		{E6796A51-663B-19FC-5A10-32BACA7C9FDC}.Release|Any CPU.Build.0 = Release|Any CPU
	EndGlobalSection
	GlobalSection(SolutionProperties) = preSolution
		HideSolutionNode = FALSE
	EndGlobalSection
	GlobalSection(ExtensibilityGlobals) = postSolution
		SolutionGuid = {C4E426BC-FA7F-477C-9ED1-D99AF44CEBF3}
	EndGlobalSection
EndGlobal
